<Solution>
  <Folder Name="/src/" />
  <Folder Name="/src/app/">
    <Project Path="src/app/AmpereApp.Application/AmpereApp.Application.csproj" />
    <Project Path="src/app/AmpereApp.Composition/AmpereApp.Composition.csproj" />
    <Project Path="src/app/AmpereApp.Domain/AmpereApp.Domain.csproj" />
    <Project Path="src/app/AmpereApp.Infrastructure/AmpereApp.Infrastructure.csproj" />
    <Project Path="src/app/AmpereApp/AmpereApp.csproj" />
  </Folder>
   
</Solution>
